
Microsoft Visual Studio Solution File, Format Version 12.00
# Visual Studio Version 17
VisualStudioVersion = 17.13.35913.81 d17.13
MinimumVisualStudioVersion = 10.0.40219.1
Project("{FAE04EC0-301F-11D3-BF4B-00C04F79EFBC}") = "LogicalQuestion", "LogicalQuestion.csproj", "{9D566A0E-8624-4A0B-BC77-8246275ABE52}"
EndProject
Global
	GlobalSection(SolutionConfigurationPlatforms) = preSolution
		Debug|Any CPU = Debug|Any CPU
		Release|Any CPU = Release|Any CPU
	EndGlobalSection
	GlobalSection(ProjectConfigurationPlatforms) = postSolution
		{9D566A0E-8624-4A0B-BC77-8246275ABE52}.Debug|Any CPU.ActiveCfg = Debug|Any CPU
		{9D566A0E-8624-4A0B-BC77-8246275ABE52}.Debug|Any CPU.Build.0 = Debug|Any CPU
		{9D566A0E-8624-4A0B-BC77-8246275ABE52}.Release|Any CPU.ActiveCfg = Release|Any CPU
		{9D566A0E-8624-4A0B-BC77-8246275ABE52}.Release|Any CPU.Build.0 = Release|Any CPU
	EndGlobalSection
	GlobalSection(SolutionProperties) = preSolution
		HideSolutionNode = FALSE
	EndGlobalSection
	GlobalSection(ExtensibilityGlobals) = postSolution
		SolutionGuid = {1B72B8CA-C28E-491E-834C-C388A76EE810}
	EndGlobalSection
EndGlobal
