
Microsoft Visual Studio Solution File, Format Version 12.00
# Visual Studio Version 17
VisualStudioVersion = 17.13.35913.81 d17.13
MinimumVisualStudioVersion = 10.0.40219.1
Project("{FAE04EC0-301F-11D3-BF4B-00C04F79EFBC}") = "CodeForce_StriverCPSheet", "CodeForce_StriverCPSheet.csproj", "{545F32C4-4573-4034-9929-75ED90519E09}"
EndProject
Global
	GlobalSection(SolutionConfigurationPlatforms) = preSolution
		Debug|Any CPU = Debug|Any CPU
		Release|Any CPU = Release|Any CPU
	EndGlobalSection
	GlobalSection(ProjectConfigurationPlatforms) = postSolution
		{545F32C4-4573-4034-9929-75ED90519E09}.Debug|Any CPU.ActiveCfg = Debug|Any CPU
		{545F32C4-4573-4034-9929-75ED90519E09}.Debug|Any CPU.Build.0 = Debug|Any CPU
		{545F32C4-4573-4034-9929-75ED90519E09}.Release|Any CPU.ActiveCfg = Release|Any CPU
		{545F32C4-4573-4034-9929-75ED90519E09}.Release|Any CPU.Build.0 = Release|Any CPU
	EndGlobalSection
	GlobalSection(SolutionProperties) = preSolution
		HideSolutionNode = FALSE
	EndGlobalSection
	GlobalSection(ExtensibilityGlobals) = postSolution
		SolutionGuid = {499151E4-D58B-4C79-BED7-3C996C6C5AC8}
	EndGlobalSection
EndGlobal
